# THIS IS AN AUTOGENERATED FILE. DO NOT EDIT THIS FILE DIRECTLY.
# yarn lockfile v1


flow-bin@0.89.0:
  version "0.89.0"
  resolved "https://registry.yarnpkg.com/flow-bin/-/flow-bin-0.89.0.tgz#6bd29c2af7e0f429797f820662f33749105c32fa"
  integrity sha512-DkO4PsXYrl53V6G5+t5HbRMC5ajYUQej2LEGPUZ+j9okTb41Sn5j9vfxsCpXMEAslYnQoysHhYu4GUZsQX/DrQ==
